
Microsoft Visual Studio Solution File, Format Version 12.00
# Visual Studio Version 16
VisualStudioVersion = 16.0.32510.428
MinimumVisualStudioVersion = 10.0.40219.1
Project("{FAE04EC0-301F-11D3-BF4B-00C04F79EFBC}") = "CV19", "CV19\CV19.csproj", "{5AC708EE-7CCD-4BEB-982E-3AF5659C6897}"
EndProject
Global
	GlobalSection(SolutionConfigurationPlatforms) = preSolution
		Debug|Any CPU = Debug|Any CPU
		Release|Any CPU = Release|Any CPU
	EndGlobalSection
	GlobalSection(ProjectConfigurationPlatforms) = postSolution
		{5AC708EE-7CCD-4BEB-982E-3AF5659C6897}.Debug|Any CPU.ActiveCfg = Debug|Any CPU
		{5AC708EE-7CCD-4BEB-982E-3AF5659C6897}.Debug|Any CPU.Build.0 = Debug|Any CPU
		{5AC708EE-7CCD-4BEB-982E-3AF5659C6897}.Release|Any CPU.ActiveCfg = Release|Any CPU
		{5AC708EE-7CCD-4BEB-982E-3AF5659C6897}.Release|Any CPU.Build.0 = Release|Any CPU
	EndGlobalSection
	GlobalSection(SolutionProperties) = preSolution
		HideSolutionNode = FALSE
	EndGlobalSection
	GlobalSection(ExtensibilityGlobals) = postSolution
		SolutionGuid = {AE2914D9-2F26-4F03-B7E8-44D7142D7553}
	EndGlobalSection
EndGlobal
